
Microsoft Visual Studio Solution File, Format Version 12.00
# Visual Studio Version 16
VisualStudioVersion = 16.0.31624.102
MinimumVisualStudioVersion = 10.0.40219.1
Project("{8BC9CEB8-8B4A-11D0-8D11-00A0C91BC942}") = "NYNKS", "NYNKS.vcxproj", "{8DCED8F1-2149-4D19-93B0-B63CD29FF43E}"
EndProject
Global
	GlobalSection(SolutionConfigurationPlatforms) = preSolution
		Debug|x64 = Debug|x64
		Debug|x86 = Debug|x86
		Release|x64 = Release|x64
		Release|x86 = Release|x86
	EndGlobalSection
	GlobalSection(ProjectConfigurationPlatforms) = postSolution
		{8DCED8F1-2149-4D19-93B0-B63CD29FF43E}.Debug|x64.ActiveCfg = Debug|x64
		{8DCED8F1-2149-4D19-93B0-B63CD29FF43E}.Debug|x64.Build.0 = Debug|x64
		{8DCED8F1-2149-4D19-93B0-B63CD29FF43E}.Debug|x86.ActiveCfg = Release|Win32
		{8DCED8F1-2149-4D19-93B0-B63CD29FF43E}.Debug|x86.Build.0 = Release|Win32
		{8DCED8F1-2149-4D19-93B0-B63CD29FF43E}.Release|x64.ActiveCfg = Release|x64
		{8DCED8F1-2149-4D19-93B0-B63CD29FF43E}.Release|x64.Build.0 = Release|x64
		{8DCED8F1-2149-4D19-93B0-B63CD29FF43E}.Release|x86.ActiveCfg = Release|Win32
		{8DCED8F1-2149-4D19-93B0-B63CD29FF43E}.Release|x86.Build.0 = Release|Win32
	EndGlobalSection
	GlobalSection(SolutionProperties) = preSolution
		HideSolutionNode = FALSE
	EndGlobalSection
	GlobalSection(ExtensibilityGlobals) = postSolution
		SolutionGuid = {0CD9BB3D-981B-4FF3-B5B0-3FED0D294DEB}
	EndGlobalSection
EndGlobal
